{"filter":false,"title":"package-lock.json","tooltip":"/OldMovies/package-lock.json","undoManager":{"mark":-1,"position":-1,"stack":[]},"ace":{"folds":[],"scrolltop":1380,"scrollleft":0,"selection":{"start":{"row":0,"column":0},"end":{"row":0,"column":0},"isBackwards":false},"options":{"guessTabSize":true,"useWrapMode":false,"wrapToView":true},"firstLineState":0},"timestamp":1568241017915,"hash":"1583ab8bea99e90a47c0f800314071874eaf548d"}